
Microsoft Visual Studio Solution File, Format Version 12.00
# Visual Studio Version 16
VisualStudioVersion = 16.0.29326.143
MinimumVisualStudioVersion = 10.0.40219.1
Project("{FAE04EC0-301F-11D3-BF4B-00C04F79EFBC}") = "Rooms", "Rooms\Rooms.csproj", "{A714AB64-7296-466A-8335-6AE014601973}"
EndProject
Global
	GlobalSection(SolutionConfigurationPlatforms) = preSolution
		Debug|Any CPU = Debug|Any CPU
		Release|Any CPU = Release|Any CPU
	EndGlobalSection
	GlobalSection(ProjectConfigurationPlatforms) = postSolution
		{A714AB64-7296-466A-8335-6AE014601973}.Debug|Any CPU.ActiveCfg = Debug|Any CPU
		{A714AB64-7296-466A-8335-6AE014601973}.Debug|Any CPU.Build.0 = Debug|Any CPU
		{A714AB64-7296-466A-8335-6AE014601973}.Release|Any CPU.ActiveCfg = Release|Any CPU
		{A714AB64-7296-466A-8335-6AE014601973}.Release|Any CPU.Build.0 = Release|Any CPU
	EndGlobalSection
	GlobalSection(SolutionProperties) = preSolution
		HideSolutionNode = FALSE
	EndGlobalSection
	GlobalSection(ExtensibilityGlobals) = postSolution
		SolutionGuid = {5CF633A4-A2DD-4CD0-8CA7-D422B037ED1C}
	EndGlobalSection
EndGlobal
